
Microsoft Visual Studio Solution File, Format Version 12.00
Project("{FAE04EC0-301F-11D3-BF4B-00C04F79EFBC}") = "Asv.Drones.Sdr", "Asv.Drones.Sdr\Asv.Drones.Sdr.csproj", "{FBF94233-0993-4CDB-80BA-674F982DDEEF}"
EndProject
Project("{FAE04EC0-301F-11D3-BF4B-00C04F79EFBC}") = "Asv.Drones.Sdr.Core", "Asv.Drones.Sdr.Core\Asv.Drones.Sdr.Core.csproj", "{11A23E90-FFF0-4FD2-B788-055A04106BCD}"
EndProject
Project("{FAE04EC0-301F-11D3-BF4B-00C04F79EFBC}") = "Asv.Drones.Sdr.Virtual", "Asv.Drones.Sdr.Virtual\Asv.Drones.Sdr.Virtual.csproj", "{B12A6DB5-A2CD-4AB7-8DCA-41A3F5D48967}"
EndProject
Global
	GlobalSection(SolutionConfigurationPlatforms) = preSolution
		Debug|Any CPU = Debug|Any CPU
		Release|Any CPU = Release|Any CPU
	EndGlobalSection
	GlobalSection(ProjectConfigurationPlatforms) = postSolution
		{FBF94233-0993-4CDB-80BA-674F982DDEEF}.Debug|Any CPU.ActiveCfg = Debug|Any CPU
		{FBF94233-0993-4CDB-80BA-674F982DDEEF}.Debug|Any CPU.Build.0 = Debug|Any CPU
		{FBF94233-0993-4CDB-80BA-674F982DDEEF}.Release|Any CPU.ActiveCfg = Release|Any CPU
		{FBF94233-0993-4CDB-80BA-674F982DDEEF}.Release|Any CPU.Build.0 = Release|Any CPU
		{11A23E90-FFF0-4FD2-B788-055A04106BCD}.Debug|Any CPU.ActiveCfg = Debug|Any CPU
		{11A23E90-FFF0-4FD2-B788-055A04106BCD}.Debug|Any CPU.Build.0 = Debug|Any CPU
		{11A23E90-FFF0-4FD2-B788-055A04106BCD}.Release|Any CPU.ActiveCfg = Release|Any CPU
		{11A23E90-FFF0-4FD2-B788-055A04106BCD}.Release|Any CPU.Build.0 = Release|Any CPU
		{B12A6DB5-A2CD-4AB7-8DCA-41A3F5D48967}.Debug|Any CPU.ActiveCfg = Debug|Any CPU
		{B12A6DB5-A2CD-4AB7-8DCA-41A3F5D48967}.Debug|Any CPU.Build.0 = Debug|Any CPU
		{B12A6DB5-A2CD-4AB7-8DCA-41A3F5D48967}.Release|Any CPU.ActiveCfg = Release|Any CPU
		{B12A6DB5-A2CD-4AB7-8DCA-41A3F5D48967}.Release|Any CPU.Build.0 = Release|Any CPU
	EndGlobalSection
	GlobalSection(NestedProjects) = preSolution
	EndGlobalSection
EndGlobal
